// !$*UTF8*$!
{
	archiveVersion = 1;
	classes = {
	};
	objectVersion = 56;
	objects = {

/* Begin PBXBuildFile section */
		04034F122B23FC0200223FA4 /* HomeView.swift in Sources */ = {isa = PBXBuildFile; fileRef = 04034F112B23FC0200223FA4 /* HomeView.swift */; };
		04034F162B23FDBB00223FA4 /* CircleButtonView.swift in Sources */ = {isa = PBXBuildFile; fileRef = 04034F152B23FDBB00223FA4 /* CircleButtonView.swift */; };
		04034F182B24037600223FA4 /* CircleButtonAnimationView.swift in Sources */ = {isa = PBXBuildFile; fileRef = 04034F172B24037600223FA4 /* CircleButtonAnimationView.swift */; };
		04034F1B2B25714100223FA4 /* CoinModel.swift in Sources */ = {isa = PBXBuildFile; fileRef = 04034F1A2B25714100223FA4 /* CoinModel.swift */; };
		04034F1D2B26186300223FA4 /* CoinRowView.swift in Sources */ = {isa = PBXBuildFile; fileRef = 04034F1C2B26186300223FA4 /* CoinRowView.swift */; };
		04034F1F2B2618F800223FA4 /* PreviewProvider.swift in Sources */ = {isa = PBXBuildFile; fileRef = 04034F1E2B2618F800223FA4 /* PreviewProvider.swift */; };
		04034F212B26249700223FA4 /* Double.swift in Sources */ = {isa = PBXBuildFile; fileRef = 04034F202B26249700223FA4 /* Double.swift */; };
		0409168B2B37941E0061FDC9 /* Assets.xcassets in Resources */ = {isa = PBXBuildFile; fileRef = 0409168A2B37941D0061FDC9 /* Assets.xcassets */; };
		0409168E2B37947C0061FDC9 /* CoinImageView.swift in Sources */ = {isa = PBXBuildFile; fileRef = 0409168D2B37947C0061FDC9 /* CoinImageView.swift */; };
		040916902B3797F20061FDC9 /* CoinImageService.swift in Sources */ = {isa = PBXBuildFile; fileRef = 0409168F2B3797F20061FDC9 /* CoinImageService.swift */; };
		040916922B37995D0061FDC9 /* CoinImageViewModel.swift in Sources */ = {isa = PBXBuildFile; fileRef = 040916912B37995D0061FDC9 /* CoinImageViewModel.swift */; };
		040916942B384DC30061FDC9 /* LocalFileManager.swift in Sources */ = {isa = PBXBuildFile; fileRef = 040916932B384DC30061FDC9 /* LocalFileManager.swift */; };
		0411B5262B42610F00196A79 /* PortfolioView.swift in Sources */ = {isa = PBXBuildFile; fileRef = 0411B5252B42610F00196A79 /* PortfolioView.swift */; };
		0411B5282B4263C300196A79 /* XMarkButton.swift in Sources */ = {isa = PBXBuildFile; fileRef = 0411B5272B4263C300196A79 /* XMarkButton.swift */; };
		0411B52A2B42670D00196A79 /* CoinLogoView.swift in Sources */ = {isa = PBXBuildFile; fileRef = 0411B5292B42670D00196A79 /* CoinLogoView.swift */; };
		041B6DE52B501A51006E9C5E /* PortfolioContainer.xcdatamodeld in Sources */ = {isa = PBXBuildFile; fileRef = 041B6DE32B501A51006E9C5E /* PortfolioContainer.xcdatamodeld */; };
		041B6DE72B501ACF006E9C5E /* PortfolioDataService.swift in Sources */ = {isa = PBXBuildFile; fileRef = 041B6DE62B501ACF006E9C5E /* PortfolioDataService.swift */; };
		041B6DE92B511D65006E9C5E /* HapticManager.swift in Sources */ = {isa = PBXBuildFile; fileRef = 041B6DE82B511D65006E9C5E /* HapticManager.swift */; };
		0426C8002B67F1C000B0D212 /* ChartView.swift in Sources */ = {isa = PBXBuildFile; fileRef = 0426C7FF2B67F1C000B0D212 /* ChartView.swift */; };
		0426C8022B67F62800B0D212 /* Date.swift in Sources */ = {isa = PBXBuildFile; fileRef = 0426C8012B67F62800B0D212 /* Date.swift */; };
		043A05F72B3ACE77000CC048 /* SearchBarView.swift in Sources */ = {isa = PBXBuildFile; fileRef = 043A05F62B3ACE77000CC048 /* SearchBarView.swift */; };
		043A05F92B3AD417000CC048 /* UIApplication.swift in Sources */ = {isa = PBXBuildFile; fileRef = 043A05F82B3AD417000CC048 /* UIApplication.swift */; };
		043A05FB2B3BD2AC000CC048 /* StatisticModel.swift in Sources */ = {isa = PBXBuildFile; fileRef = 043A05FA2B3BD2AC000CC048 /* StatisticModel.swift */; };
		043A05FD2B3BD7BB000CC048 /* StatisticView.swift in Sources */ = {isa = PBXBuildFile; fileRef = 043A05FC2B3BD7BB000CC048 /* StatisticView.swift */; };
		043A05FF2B3BDA98000CC048 /* HomeStatsView.swift in Sources */ = {isa = PBXBuildFile; fileRef = 043A05FE2B3BDA98000CC048 /* HomeStatsView.swift */; };
		043A06012B3C4F1F000CC048 /* MarketDataModel.swift in Sources */ = {isa = PBXBuildFile; fileRef = 043A06002B3C4F1F000CC048 /* MarketDataModel.swift */; };
		043A06032B3C50E0000CC048 /* MarketDataService.swift in Sources */ = {isa = PBXBuildFile; fileRef = 043A06022B3C50E0000CC048 /* MarketDataService.swift */; };
		049EBB9D2B29EF09004A98BA /* HomeViewModel.swift in Sources */ = {isa = PBXBuildFile; fileRef = 049EBB9C2B29EF09004A98BA /* HomeViewModel.swift */; };
		049F881A2B5423E0004CF8C5 /* DetailView.swift in Sources */ = {isa = PBXBuildFile; fileRef = 049F88192B5423E0004CF8C5 /* DetailView.swift */; };
		04A624D22B2C8D0600525CE2 /* NetworkingManager.swift in Sources */ = {isa = PBXBuildFile; fileRef = 04A624D12B2C8D0600525CE2 /* NetworkingManager.swift */; };
		04B43BC92B234AE400963F7C /* CryptoApp.swift in Sources */ = {isa = PBXBuildFile; fileRef = 04B43BC82B234AE400963F7C /* CryptoApp.swift */; };
		04B43BCB2B234AE400963F7C /* ContentView.swift in Sources */ = {isa = PBXBuildFile; fileRef = 04B43BCA2B234AE400963F7C /* ContentView.swift */; };
		04B43BD02B234AE600963F7C /* Preview Assets.xcassets in Resources */ = {isa = PBXBuildFile; fileRef = 04B43BCF2B234AE600963F7C /* Preview Assets.xcassets */; };
		04B43BDA2B234CEC00963F7C /* Color.swift in Sources */ = {isa = PBXBuildFile; fileRef = 04B43BD92B234CEC00963F7C /* Color.swift */; };
		04B9BBD72B2B2EF900D13A4F /* CoinDataServices.swift in Sources */ = {isa = PBXBuildFile; fileRef = 04B9BBD62B2B2EF900D13A4F /* CoinDataServices.swift */; };
		04D58B452B5A68AE001BC8C7 /* CoinDetailModel.swift in Sources */ = {isa = PBXBuildFile; fileRef = 04D58B442B5A68AE001BC8C7 /* CoinDetailModel.swift */; };
		04D58B472B5A6EC4001BC8C7 /* CoinDetailDataService.swift in Sources */ = {isa = PBXBuildFile; fileRef = 04D58B462B5A6EC4001BC8C7 /* CoinDetailDataService.swift */; };
		04D58B492B5A7036001BC8C7 /* DetailViewModel.swift in Sources */ = {isa = PBXBuildFile; fileRef = 04D58B482B5A7036001BC8C7 /* DetailViewModel.swift */; };
/* End PBXBuildFile section */

/* Begin PBXFileReference section */
		04034F112B23FC0200223FA4 /* HomeView.swift */ = {isa = PBXFileReference; lastKnownFileType = sourcecode.swift; path = HomeView.swift; sourceTree = "<group>"; };
		04034F152B23FDBB00223FA4 /* CircleButtonView.swift */ = {isa = PBXFileReference; lastKnownFileType = sourcecode.swift; path = CircleButtonView.swift; sourceTree = "<group>"; };
		04034F172B24037600223FA4 /* CircleButtonAnimationView.swift */ = {isa = PBXFileReference; lastKnownFileType = sourcecode.swift; path = CircleButtonAnimationView.swift; sourceTree = "<group>"; };
		04034F1A2B25714100223FA4 /* CoinModel.swift */ = {isa = PBXFileReference; lastKnownFileType = sourcecode.swift; path = CoinModel.swift; sourceTree = "<group>"; };
		04034F1C2B26186300223FA4 /* CoinRowView.swift */ = {isa = PBXFileReference; lastKnownFileType = sourcecode.swift; path = CoinRowView.swift; sourceTree = "<group>"; };
		04034F1E2B2618F800223FA4 /* PreviewProvider.swift */ = {isa = PBXFileReference; lastKnownFileType = sourcecode.swift; path = PreviewProvider.swift; sourceTree = "<group>"; };
		04034F202B26249700223FA4 /* Double.swift */ = {isa = PBXFileReference; lastKnownFileType = sourcecode.swift; path = Double.swift; sourceTree = "<group>"; };
		0409168A2B37941D0061FDC9 /* Assets.xcassets */ = {isa = PBXFileReference; lastKnownFileType = folder.assetcatalog; path = Assets.xcassets; sourceTree = "<group>"; };
		0409168D2B37947C0061FDC9 /* CoinImageView.swift */ = {isa = PBXFileReference; lastKnownFileType = sourcecode.swift; path = CoinImageView.swift; sourceTree = "<group>"; };
		0409168F2B3797F20061FDC9 /* CoinImageService.swift */ = {isa = PBXFileReference; lastKnownFileType = sourcecode.swift; path = CoinImageService.swift; sourceTree = "<group>"; };
		040916912B37995D0061FDC9 /* CoinImageViewModel.swift */ = {isa = PBXFileReference; lastKnownFileType = sourcecode.swift; path = CoinImageViewModel.swift; sourceTree = "<group>"; };
		040916932B384DC30061FDC9 /* LocalFileManager.swift */ = {isa = PBXFileReference; lastKnownFileType = sourcecode.swift; path = LocalFileManager.swift; sourceTree = "<group>"; };
		0411B5252B42610F00196A79 /* PortfolioView.swift */ = {isa = PBXFileReference; lastKnownFileType = sourcecode.swift; path = PortfolioView.swift; sourceTree = "<group>"; };
		0411B5272B4263C300196A79 /* XMarkButton.swift */ = {isa = PBXFileReference; lastKnownFileType = sourcecode.swift; path = XMarkButton.swift; sourceTree = "<group>"; };
		0411B5292B42670D00196A79 /* CoinLogoView.swift */ = {isa = PBXFileReference; lastKnownFileType = sourcecode.swift; path = CoinLogoView.swift; sourceTree = "<group>"; };
		041B6DE42B501A51006E9C5E /* PortfolioContainer.xcdatamodel */ = {isa = PBXFileReference; lastKnownFileType = wrapper.xcdatamodel; path = PortfolioContainer.xcdatamodel; sourceTree = "<group>"; };
		041B6DE62B501ACF006E9C5E /* PortfolioDataService.swift */ = {isa = PBXFileReference; lastKnownFileType = sourcecode.swift; path = PortfolioDataService.swift; sourceTree = "<group>"; };
		041B6DE82B511D65006E9C5E /* HapticManager.swift */ = {isa = PBXFileReference; lastKnownFileType = sourcecode.swift; path = HapticManager.swift; sourceTree = "<group>"; };
		0426C7FF2B67F1C000B0D212 /* ChartView.swift */ = {isa = PBXFileReference; lastKnownFileType = sourcecode.swift; path = ChartView.swift; sourceTree = "<group>"; };
		0426C8012B67F62800B0D212 /* Date.swift */ = {isa = PBXFileReference; lastKnownFileType = sourcecode.swift; path = Date.swift; sourceTree = "<group>"; };
		043A05F62B3ACE77000CC048 /* SearchBarView.swift */ = {isa = PBXFileReference; lastKnownFileType = sourcecode.swift; path = SearchBarView.swift; sourceTree = "<group>"; };
		043A05F82B3AD417000CC048 /* UIApplication.swift */ = {isa = PBXFileReference; lastKnownFileType = sourcecode.swift; path = UIApplication.swift; sourceTree = "<group>"; };
		043A05FA2B3BD2AC000CC048 /* StatisticModel.swift */ = {isa = PBXFileReference; lastKnownFileType = sourcecode.swift; path = StatisticModel.swift; sourceTree = "<group>"; };
		043A05FC2B3BD7BB000CC048 /* StatisticView.swift */ = {isa = PBXFileReference; lastKnownFileType = sourcecode.swift; path = StatisticView.swift; sourceTree = "<group>"; };
		043A05FE2B3BDA98000CC048 /* HomeStatsView.swift */ = {isa = PBXFileReference; lastKnownFileType = sourcecode.swift; path = HomeStatsView.swift; sourceTree = "<group>"; };
		043A06002B3C4F1F000CC048 /* MarketDataModel.swift */ = {isa = PBXFileReference; lastKnownFileType = sourcecode.swift; path = MarketDataModel.swift; sourceTree = "<group>"; };
		043A06022B3C50E0000CC048 /* MarketDataService.swift */ = {isa = PBXFileReference; lastKnownFileType = sourcecode.swift; path = MarketDataService.swift; sourceTree = "<group>"; };
		049EBB9C2B29EF09004A98BA /* HomeViewModel.swift */ = {isa = PBXFileReference; lastKnownFileType = sourcecode.swift; path = HomeViewModel.swift; sourceTree = "<group>"; };
		049F88192B5423E0004CF8C5 /* DetailView.swift */ = {isa = PBXFileReference; lastKnownFileType = sourcecode.swift; path = DetailView.swift; sourceTree = "<group>"; };
		04A624D12B2C8D0600525CE2 /* NetworkingManager.swift */ = {isa = PBXFileReference; lastKnownFileType = sourcecode.swift; path = NetworkingManager.swift; sourceTree = "<group>"; };
		04B43BC52B234AE400963F7C /* Crypto.app */ = {isa = PBXFileReference; explicitFileType = wrapper.application; includeInIndex = 0; path = Crypto.app; sourceTree = BUILT_PRODUCTS_DIR; };
		04B43BC82B234AE400963F7C /* CryptoApp.swift */ = {isa = PBXFileReference; lastKnownFileType = sourcecode.swift; path = CryptoApp.swift; sourceTree = "<group>"; };
		04B43BCA2B234AE400963F7C /* ContentView.swift */ = {isa = PBXFileReference; lastKnownFileType = sourcecode.swift; path = ContentView.swift; sourceTree = "<group>"; };
		04B43BCF2B234AE600963F7C /* Preview Assets.xcassets */ = {isa = PBXFileReference; lastKnownFileType = folder.assetcatalog; path = "Preview Assets.xcassets"; sourceTree = "<group>"; };
		04B43BD92B234CEC00963F7C /* Color.swift */ = {isa = PBXFileReference; lastKnownFileType = sourcecode.swift; path = Color.swift; sourceTree = "<group>"; };
		04B9BBD62B2B2EF900D13A4F /* CoinDataServices.swift */ = {isa = PBXFileReference; lastKnownFileType = sourcecode.swift; path = CoinDataServices.swift; sourceTree = "<group>"; };
		04D58B442B5A68AE001BC8C7 /* CoinDetailModel.swift */ = {isa = PBXFileReference; lastKnownFileType = sourcecode.swift; path = CoinDetailModel.swift; sourceTree = "<group>"; };
		04D58B462B5A6EC4001BC8C7 /* CoinDetailDataService.swift */ = {isa = PBXFileReference; lastKnownFileType = sourcecode.swift; path = CoinDetailDataService.swift; sourceTree = "<group>"; };
		04D58B482B5A7036001BC8C7 /* DetailViewModel.swift */ = {isa = PBXFileReference; lastKnownFileType = sourcecode.swift; path = DetailViewModel.swift; sourceTree = "<group>"; };
/* End PBXFileReference section */

/* Begin PBXFrameworksBuildPhase section */
		04B43BC22B234AE400963F7C /* Frameworks */ = {
			isa = PBXFrameworksBuildPhase;
			buildActionMask = 2147483647;
			files = (
			);
			runOnlyForDeploymentPostprocessing = 0;
		};
/* End PBXFrameworksBuildPhase section */

/* Begin PBXGroup section */
		04034F0D2B23FBBB00223FA4 /* Core */ = {
			isa = PBXGroup;
			children = (
				04034F132B23FD9A00223FA4 /* Components */,
				04034F0E2B23FBD300223FA4 /* Home */,
				049F88162B54238A004CF8C5 /* Detail */,
			);
			path = Core;
			sourceTree = "<group>";
		};
		04034F0E2B23FBD300223FA4 /* Home */ = {
			isa = PBXGroup;
			children = (
				04034F102B23FBEE00223FA4 /* ViewModels */,
				04034F0F2B23FBE700223FA4 /* Views */,
			);
			path = Home;
			sourceTree = "<group>";
		};
		04034F0F2B23FBE700223FA4 /* Views */ = {
			isa = PBXGroup;
			children = (
				04034F1C2B26186300223FA4 /* CoinRowView.swift */,
				04034F112B23FC0200223FA4 /* HomeView.swift */,
				043A05FE2B3BDA98000CC048 /* HomeStatsView.swift */,
				0411B5252B42610F00196A79 /* PortfolioView.swift */,
			);
			path = Views;
			sourceTree = "<group>";
		};
		04034F102B23FBEE00223FA4 /* ViewModels */ = {
			isa = PBXGroup;
			children = (
				049EBB9C2B29EF09004A98BA /* HomeViewModel.swift */,
			);
			path = ViewModels;
			sourceTree = "<group>";
		};
		04034F132B23FD9A00223FA4 /* Components */ = {
			isa = PBXGroup;
			children = (
				0409168C2B3794630061FDC9 /* CoinImage */,
				04034F142B23FDA900223FA4 /* CircleButton */,
				043A05F62B3ACE77000CC048 /* SearchBarView.swift */,
				043A05FC2B3BD7BB000CC048 /* StatisticView.swift */,
				0411B5272B4263C300196A79 /* XMarkButton.swift */,
			);
			path = Components;
			sourceTree = "<group>";
		};
		04034F142B23FDA900223FA4 /* CircleButton */ = {
			isa = PBXGroup;
			children = (
				04034F152B23FDBB00223FA4 /* CircleButtonView.swift */,
				04034F172B24037600223FA4 /* CircleButtonAnimationView.swift */,
			);
			path = CircleButton;
			sourceTree = "<group>";
		};
		04034F192B25712F00223FA4 /* Models */ = {
			isa = PBXGroup;
			children = (
				04034F1A2B25714100223FA4 /* CoinModel.swift */,
				04D58B442B5A68AE001BC8C7 /* CoinDetailModel.swift */,
				043A05FA2B3BD2AC000CC048 /* StatisticModel.swift */,
				043A06002B3C4F1F000CC048 /* MarketDataModel.swift */,
				041B6DE32B501A51006E9C5E /* PortfolioContainer.xcdatamodeld */,
			);
			path = Models;
			sourceTree = "<group>";
		};
		0409168C2B3794630061FDC9 /* CoinImage */ = {
			isa = PBXGroup;
			children = (
				0409168D2B37947C0061FDC9 /* CoinImageView.swift */,
				040916912B37995D0061FDC9 /* CoinImageViewModel.swift */,
				0411B5292B42670D00196A79 /* CoinLogoView.swift */,
			);
			path = CoinImage;
			sourceTree = "<group>";
		};
		049F88162B54238A004CF8C5 /* Detail */ = {
			isa = PBXGroup;
			children = (
				049F88172B5423AA004CF8C5 /* ViewModels */,
				049F88182B5423C1004CF8C5 /* Views */,
			);
			path = Detail;
			sourceTree = "<group>";
		};
		049F88172B5423AA004CF8C5 /* ViewModels */ = {
			isa = PBXGroup;
			children = (
				04D58B482B5A7036001BC8C7 /* DetailViewModel.swift */,
			);
			path = ViewModels;
			sourceTree = "<group>";
		};
		049F88182B5423C1004CF8C5 /* Views */ = {
			isa = PBXGroup;
			children = (
				049F88192B5423E0004CF8C5 /* DetailView.swift */,
				0426C7FF2B67F1C000B0D212 /* ChartView.swift */,
			);
			path = Views;
			sourceTree = "<group>";
		};
		04A624D02B2C8CE100525CE2 /* Utilities */ = {
			isa = PBXGroup;
			children = (
				04A624D12B2C8D0600525CE2 /* NetworkingManager.swift */,
				040916932B384DC30061FDC9 /* LocalFileManager.swift */,
				041B6DE82B511D65006E9C5E /* HapticManager.swift */,
			);
			path = Utilities;
			sourceTree = "<group>";
		};
		04B43BBC2B234AE400963F7C = {
			isa = PBXGroup;
			children = (
				04B43BC72B234AE400963F7C /* Crypto */,
				04B43BC62B234AE400963F7C /* Products */,
			);
			sourceTree = "<group>";
		};
		04B43BC62B234AE400963F7C /* Products */ = {
			isa = PBXGroup;
			children = (
				04B43BC52B234AE400963F7C /* Crypto.app */,
			);
			name = Products;
			sourceTree = "<group>";
		};
		04B43BC72B234AE400963F7C /* Crypto */ = {
			isa = PBXGroup;
			children = (
				04B43BC82B234AE400963F7C /* CryptoApp.swift */,
				04A624D02B2C8CE100525CE2 /* Utilities */,
				04B43BD82B234CC100963F7C /* Extensions */,
				04B9BBD52B2B2EDE00D13A4F /* Services */,
				04034F192B25712F00223FA4 /* Models */,
				04034F0D2B23FBBB00223FA4 /* Core */,
				04B43BCA2B234AE400963F7C /* ContentView.swift */,
				0409168A2B37941D0061FDC9 /* Assets.xcassets */,
				04B43BCE2B234AE600963F7C /* Preview Content */,
			);
			path = Crypto;
			sourceTree = "<group>";
		};
		04B43BCE2B234AE600963F7C /* Preview Content */ = {
			isa = PBXGroup;
			children = (
				04B43BCF2B234AE600963F7C /* Preview Assets.xcassets */,
			);
			path = "Preview Content";
			sourceTree = "<group>";
		};
		04B43BD82B234CC100963F7C /* Extensions */ = {
			isa = PBXGroup;
			children = (
				04B43BD92B234CEC00963F7C /* Color.swift */,
				04034F1E2B2618F800223FA4 /* PreviewProvider.swift */,
				04034F202B26249700223FA4 /* Double.swift */,
				043A05F82B3AD417000CC048 /* UIApplication.swift */,
				0426C8012B67F62800B0D212 /* Date.swift */,
			);
			path = Extensions;
			sourceTree = "<group>";
		};
		04B9BBD52B2B2EDE00D13A4F /* Services */ = {
			isa = PBXGroup;
			children = (
				04B9BBD62B2B2EF900D13A4F /* CoinDataServices.swift */,
				04D58B462B5A6EC4001BC8C7 /* CoinDetailDataService.swift */,
				0409168F2B3797F20061FDC9 /* CoinImageService.swift */,
				043A06022B3C50E0000CC048 /* MarketDataService.swift */,
				041B6DE62B501ACF006E9C5E /* PortfolioDataService.swift */,
			);
			path = Services;
			sourceTree = "<group>";
		};
/* End PBXGroup section */

/* Begin PBXNativeTarget section */
		04B43BC42B234AE400963F7C /* Crypto */ = {
			isa = PBXNativeTarget;
			buildConfigurationList = 04B43BD32B234AE600963F7C /* Build configuration list for PBXNativeTarget "Crypto" */;
			buildPhases = (
				04B43BC12B234AE400963F7C /* Sources */,
				04B43BC22B234AE400963F7C /* Frameworks */,
				04B43BC32B234AE400963F7C /* Resources */,
			);
			buildRules = (
			);
			dependencies = (
			);
			name = Crypto;
			productName = Crypto;
			productReference = 04B43BC52B234AE400963F7C /* Crypto.app */;
			productType = "com.apple.product-type.application";
		};
/* End PBXNativeTarget section */

/* Begin PBXProject section */
		04B43BBD2B234AE400963F7C /* Project object */ = {
			isa = PBXProject;
			attributes = {
				BuildIndependentTargetsInParallel = 1;
				LastSwiftUpdateCheck = 1500;
				LastUpgradeCheck = 1500;
				TargetAttributes = {
					04B43BC42B234AE400963F7C = {
						CreatedOnToolsVersion = 15.0;
					};
				};
			};
			buildConfigurationList = 04B43BC02B234AE400963F7C /* Build configuration list for PBXProject "Crypto" */;
			compatibilityVersion = "Xcode 14.0";
			developmentRegion = en;
			hasScannedForEncodings = 0;
			knownRegions = (
				en,
				Base,
			);
			mainGroup = 04B43BBC2B234AE400963F7C;
			productRefGroup = 04B43BC62B234AE400963F7C /* Products */;
			projectDirPath = "";
			projectRoot = "";
			targets = (
				04B43BC42B234AE400963F7C /* Crypto */,
			);
		};
/* End PBXProject section */

/* Begin PBXResourcesBuildPhase section */
		04B43BC32B234AE400963F7C /* Resources */ = {
			isa = PBXResourcesBuildPhase;
			buildActionMask = 2147483647;
			files = (
				04B43BD02B234AE600963F7C /* Preview Assets.xcassets in Resources */,
				0409168B2B37941E0061FDC9 /* Assets.xcassets in Resources */,
			);
			runOnlyForDeploymentPostprocessing = 0;
		};
/* End PBXResourcesBuildPhase section */

/* Begin PBXSourcesBuildPhase section */
		04B43BC12B234AE400963F7C /* Sources */ = {
			isa = PBXSourcesBuildPhase;
			buildActionMask = 2147483647;
			files = (
				041B6DE52B501A51006E9C5E /* PortfolioContainer.xcdatamodeld in Sources */,
				043A05FB2B3BD2AC000CC048 /* StatisticModel.swift in Sources */,
				04034F1D2B26186300223FA4 /* CoinRowView.swift in Sources */,
				0426C8002B67F1C000B0D212 /* ChartView.swift in Sources */,
				049EBB9D2B29EF09004A98BA /* HomeViewModel.swift in Sources */,
				0411B5282B4263C300196A79 /* XMarkButton.swift in Sources */,
				04034F162B23FDBB00223FA4 /* CircleButtonView.swift in Sources */,
				0426C8022B67F62800B0D212 /* Date.swift in Sources */,
				04B43BCB2B234AE400963F7C /* ContentView.swift in Sources */,
				040916942B384DC30061FDC9 /* LocalFileManager.swift in Sources */,
				043A06012B3C4F1F000CC048 /* MarketDataModel.swift in Sources */,
				04B9BBD72B2B2EF900D13A4F /* CoinDataServices.swift in Sources */,
				043A05FD2B3BD7BB000CC048 /* StatisticView.swift in Sources */,
				0409168E2B37947C0061FDC9 /* CoinImageView.swift in Sources */,
				04034F122B23FC0200223FA4 /* HomeView.swift in Sources */,
				043A05F92B3AD417000CC048 /* UIApplication.swift in Sources */,
				04B43BC92B234AE400963F7C /* CryptoApp.swift in Sources */,
				04B43BDA2B234CEC00963F7C /* Color.swift in Sources */,
				049F881A2B5423E0004CF8C5 /* DetailView.swift in Sources */,
				04D58B492B5A7036001BC8C7 /* DetailViewModel.swift in Sources */,
				043A05FF2B3BDA98000CC048 /* HomeStatsView.swift in Sources */,
				043A05F72B3ACE77000CC048 /* SearchBarView.swift in Sources */,
				0411B52A2B42670D00196A79 /* CoinLogoView.swift in Sources */,
				04A624D22B2C8D0600525CE2 /* NetworkingManager.swift in Sources */,
				043A06032B3C50E0000CC048 /* MarketDataService.swift in Sources */,
				04034F182B24037600223FA4 /* CircleButtonAnimationView.swift in Sources */,
				040916922B37995D0061FDC9 /* CoinImageViewModel.swift in Sources */,
				04034F1F2B2618F800223FA4 /* PreviewProvider.swift in Sources */,
				0411B5262B42610F00196A79 /* PortfolioView.swift in Sources */,
				041B6DE92B511D65006E9C5E /* HapticManager.swift in Sources */,
				04034F212B26249700223FA4 /* Double.swift in Sources */,
				040916902B3797F20061FDC9 /* CoinImageService.swift in Sources */,
				04D58B472B5A6EC4001BC8C7 /* CoinDetailDataService.swift in Sources */,
				04D58B452B5A68AE001BC8C7 /* CoinDetailModel.swift in Sources */,
				04034F1B2B25714100223FA4 /* CoinModel.swift in Sources */,
				041B6DE72B501ACF006E9C5E /* PortfolioDataService.swift in Sources */,
			);
			runOnlyForDeploymentPostprocessing = 0;
		};
/* End PBXSourcesBuildPhase section */

/* Begin XCBuildConfiguration section */
		04B43BD12B234AE600963F7C /* Debug */ = {
			isa = XCBuildConfiguration;
			buildSettings = {
				ALWAYS_SEARCH_USER_PATHS = NO;
				ASSETCATALOG_COMPILER_GENERATE_SWIFT_ASSET_SYMBOL_EXTENSIONS = YES;
				CLANG_ANALYZER_NONNULL = YES;
				CLANG_ANALYZER_NUMBER_OBJECT_CONVERSION = YES_AGGRESSIVE;
				CLANG_CXX_LANGUAGE_STANDARD = "gnu++20";
				CLANG_ENABLE_MODULES = YES;
				CLANG_ENABLE_OBJC_ARC = YES;
				CLANG_ENABLE_OBJC_WEAK = YES;
				CLANG_WARN_BLOCK_CAPTURE_AUTORELEASING = YES;
				CLANG_WARN_BOOL_CONVERSION = YES;
				CLANG_WARN_COMMA = YES;
				CLANG_WARN_CONSTANT_CONVERSION = YES;
				CLANG_WARN_DEPRECATED_OBJC_IMPLEMENTATIONS = YES;
				CLANG_WARN_DIRECT_OBJC_ISA_USAGE = YES_ERROR;
				CLANG_WARN_DOCUMENTATION_COMMENTS = YES;
				CLANG_WARN_EMPTY_BODY = YES;
				CLANG_WARN_ENUM_CONVERSION = YES;
				CLANG_WARN_INFINITE_RECURSION = YES;
				CLANG_WARN_INT_CONVERSION = YES;
				CLANG_WARN_NON_LITERAL_NULL_CONVERSION = YES;
				CLANG_WARN_OBJC_IMPLICIT_RETAIN_SELF = YES;
				CLANG_WARN_OBJC_LITERAL_CONVERSION = YES;
				CLANG_WARN_OBJC_ROOT_CLASS = YES_ERROR;
				CLANG_WARN_QUOTED_INCLUDE_IN_FRAMEWORK_HEADER = YES;
				CLANG_WARN_RANGE_LOOP_ANALYSIS = YES;
				CLANG_WARN_STRICT_PROTOTYPES = YES;
				CLANG_WARN_SUSPICIOUS_MOVE = YES;
				CLANG_WARN_UNGUARDED_AVAILABILITY = YES_AGGRESSIVE;
				CLANG_WARN_UNREACHABLE_CODE = YES;
				CLANG_WARN__DUPLICATE_METHOD_MATCH = YES;
				COPY_PHASE_STRIP = NO;
				DEBUG_INFORMATION_FORMAT = dwarf;
				ENABLE_STRICT_OBJC_MSGSEND = YES;
				ENABLE_TESTABILITY = YES;
				ENABLE_USER_SCRIPT_SANDBOXING = YES;
				GCC_C_LANGUAGE_STANDARD = gnu17;
				GCC_DYNAMIC_NO_PIC = NO;
				GCC_NO_COMMON_BLOCKS = YES;
				GCC_OPTIMIZATION_LEVEL = 0;
				GCC_PREPROCESSOR_DEFINITIONS = (
					"DEBUG=1",
					"$(inherited)",
				);
				GCC_WARN_64_TO_32_BIT_CONVERSION = YES;
				GCC_WARN_ABOUT_RETURN_TYPE = YES_ERROR;
				GCC_WARN_UNDECLARED_SELECTOR = YES;
				GCC_WARN_UNINITIALIZED_AUTOS = YES_AGGRESSIVE;
				GCC_WARN_UNUSED_FUNCTION = YES;
				GCC_WARN_UNUSED_VARIABLE = YES;
				IPHONEOS_DEPLOYMENT_TARGET = 17.0;
				LOCALIZATION_PREFERS_STRING_CATALOGS = YES;
				MTL_ENABLE_DEBUG_INFO = INCLUDE_SOURCE;
				MTL_FAST_MATH = YES;
				ONLY_ACTIVE_ARCH = YES;
				SDKROOT = iphoneos;
				SWIFT_ACTIVE_COMPILATION_CONDITIONS = "DEBUG $(inherited)";
				SWIFT_OPTIMIZATION_LEVEL = "-Onone";
			};
			name = Debug;
		};
		04B43BD22B234AE600963F7C /* Release */ = {
			isa = XCBuildConfiguration;
			buildSettings = {
				ALWAYS_SEARCH_USER_PATHS = NO;
				ASSETCATALOG_COMPILER_GENERATE_SWIFT_ASSET_SYMBOL_EXTENSIONS = YES;
				CLANG_ANALYZER_NONNULL = YES;
				CLANG_ANALYZER_NUMBER_OBJECT_CONVERSION = YES_AGGRESSIVE;
				CLANG_CXX_LANGUAGE_STANDARD = "gnu++20";
				CLANG_ENABLE_MODULES = YES;
				CLANG_ENABLE_OBJC_ARC = YES;
				CLANG_ENABLE_OBJC_WEAK = YES;
				CLANG_WARN_BLOCK_CAPTURE_AUTORELEASING = YES;
				CLANG_WARN_BOOL_CONVERSION = YES;
				CLANG_WARN_COMMA = YES;
				CLANG_WARN_CONSTANT_CONVERSION = YES;
				CLANG_WARN_DEPRECATED_OBJC_IMPLEMENTATIONS = YES;
				CLANG_WARN_DIRECT_OBJC_ISA_USAGE = YES_ERROR;
				CLANG_WARN_DOCUMENTATION_COMMENTS = YES;
				CLANG_WARN_EMPTY_BODY = YES;
				CLANG_WARN_ENUM_CONVERSION = YES;
				CLANG_WARN_INFINITE_RECURSION = YES;
				CLANG_WARN_INT_CONVERSION = YES;
				CLANG_WARN_NON_LITERAL_NULL_CONVERSION = YES;
				CLANG_WARN_OBJC_IMPLICIT_RETAIN_SELF = YES;
				CLANG_WARN_OBJC_LITERAL_CONVERSION = YES;
				CLANG_WARN_OBJC_ROOT_CLASS = YES_ERROR;
				CLANG_WARN_QUOTED_INCLUDE_IN_FRAMEWORK_HEADER = YES;
				CLANG_WARN_RANGE_LOOP_ANALYSIS = YES;
				CLANG_WARN_STRICT_PROTOTYPES = YES;
				CLANG_WARN_SUSPICIOUS_MOVE = YES;
				CLANG_WARN_UNGUARDED_AVAILABILITY = YES_AGGRESSIVE;
				CLANG_WARN_UNREACHABLE_CODE = YES;
				CLANG_WARN__DUPLICATE_METHOD_MATCH = YES;
				COPY_PHASE_STRIP = NO;
				DEBUG_INFORMATION_FORMAT = "dwarf-with-dsym";
				ENABLE_NS_ASSERTIONS = NO;
				ENABLE_STRICT_OBJC_MSGSEND = YES;
				ENABLE_USER_SCRIPT_SANDBOXING = YES;
				GCC_C_LANGUAGE_STANDARD = gnu17;
				GCC_NO_COMMON_BLOCKS = YES;
				GCC_WARN_64_TO_32_BIT_CONVERSION = YES;
				GCC_WARN_ABOUT_RETURN_TYPE = YES_ERROR;
				GCC_WARN_UNDECLARED_SELECTOR = YES;
				GCC_WARN_UNINITIALIZED_AUTOS = YES_AGGRESSIVE;
				GCC_WARN_UNUSED_FUNCTION = YES;
				GCC_WARN_UNUSED_VARIABLE = YES;
				IPHONEOS_DEPLOYMENT_TARGET = 17.0;
				LOCALIZATION_PREFERS_STRING_CATALOGS = YES;
				MTL_ENABLE_DEBUG_INFO = NO;
				MTL_FAST_MATH = YES;
				SDKROOT = iphoneos;
				SWIFT_COMPILATION_MODE = wholemodule;
				VALIDATE_PRODUCT = YES;
			};
			name = Release;
		};
		04B43BD42B234AE600963F7C /* Debug */ = {
			isa = XCBuildConfiguration;
			buildSettings = {
				ASSETCATALOG_COMPILER_APPICON_NAME = AppIcon;
				ASSETCATALOG_COMPILER_GLOBAL_ACCENT_COLOR_NAME = AccentColor;
				CODE_SIGN_STYLE = Automatic;
				CURRENT_PROJECT_VERSION = 1;
				DEVELOPMENT_ASSET_PATHS = "\"Crypto/Preview Content\"";
				DEVELOPMENT_TEAM = K7C558RFDJ;
				ENABLE_PREVIEWS = YES;
				GENERATE_INFOPLIST_FILE = YES;
				INFOPLIST_KEY_CFBundleDisplayName = "Crypto Tracker";
				INFOPLIST_KEY_LSApplicationCategoryType = "public.app-category.finance";
				INFOPLIST_KEY_UIApplicationSceneManifest_Generation = YES;
				INFOPLIST_KEY_UIApplicationSupportsIndirectInputEvents = YES;
				INFOPLIST_KEY_UILaunchScreen_Generation = YES;
				INFOPLIST_KEY_UISupportedInterfaceOrientations = UIInterfaceOrientationPortrait;
				LD_RUNPATH_SEARCH_PATHS = (
					"$(inherited)",
					"@executable_path/Frameworks",
				);
				MARKETING_VERSION = 1.0;
				PRODUCT_BUNDLE_IDENTIFIER = com.asbiq.Crypto;
				PRODUCT_NAME = "$(TARGET_NAME)";
				SWIFT_EMIT_LOC_STRINGS = YES;
				SWIFT_VERSION = 5.0;
				TARGETED_DEVICE_FAMILY = "1,2";
			};
			name = Debug;
		};
		04B43BD52B234AE600963F7C /* Release */ = {
			isa = XCBuildConfiguration;
			buildSettings = {
				ASSETCATALOG_COMPILER_APPICON_NAME = AppIcon;
				ASSETCATALOG_COMPILER_GLOBAL_ACCENT_COLOR_NAME = AccentColor;
				CODE_SIGN_STYLE = Automatic;
				CURRENT_PROJECT_VERSION = 1;
				DEVELOPMENT_ASSET_PATHS = "\"Crypto/Preview Content\"";
				DEVELOPMENT_TEAM = K7C558RFDJ;
				ENABLE_PREVIEWS = YES;
				GENERATE_INFOPLIST_FILE = YES;
				INFOPLIST_KEY_CFBundleDisplayName = "Crypto Tracker";
				INFOPLIST_KEY_LSApplicationCategoryType = "public.app-category.finance";
				INFOPLIST_KEY_UIApplicationSceneManifest_Generation = YES;
				INFOPLIST_KEY_UIApplicationSupportsIndirectInputEvents = YES;
				INFOPLIST_KEY_UILaunchScreen_Generation = YES;
				INFOPLIST_KEY_UISupportedInterfaceOrientations = UIInterfaceOrientationPortrait;
				LD_RUNPATH_SEARCH_PATHS = (
					"$(inherited)",
					"@executable_path/Frameworks",
				);
				MARKETING_VERSION = 1.0;
				PRODUCT_BUNDLE_IDENTIFIER = com.asbiq.Crypto;
				PRODUCT_NAME = "$(TARGET_NAME)";
				SWIFT_EMIT_LOC_STRINGS = YES;
				SWIFT_VERSION = 5.0;
				TARGETED_DEVICE_FAMILY = "1,2";
			};
			name = Release;
		};
/* End XCBuildConfiguration section */

/* Begin XCConfigurationList section */
		04B43BC02B234AE400963F7C /* Build configuration list for PBXProject "Crypto" */ = {
			isa = XCConfigurationList;
			buildConfigurations = (
				04B43BD12B234AE600963F7C /* Debug */,
				04B43BD22B234AE600963F7C /* Release */,
			);
			defaultConfigurationIsVisible = 0;
			defaultConfigurationName = Release;
		};
		04B43BD32B234AE600963F7C /* Build configuration list for PBXNativeTarget "Crypto" */ = {
			isa = XCConfigurationList;
			buildConfigurations = (
				04B43BD42B234AE600963F7C /* Debug */,
				04B43BD52B234AE600963F7C /* Release */,
			);
			defaultConfigurationIsVisible = 0;
			defaultConfigurationName = Release;
		};
/* End XCConfigurationList section */

/* Begin XCVersionGroup section */
		041B6DE32B501A51006E9C5E /* PortfolioContainer.xcdatamodeld */ = {
			isa = XCVersionGroup;
			children = (
				041B6DE42B501A51006E9C5E /* PortfolioContainer.xcdatamodel */,
			);
			currentVersion = 041B6DE42B501A51006E9C5E /* PortfolioContainer.xcdatamodel */;
			path = PortfolioContainer.xcdatamodeld;
			sourceTree = "<group>";
			versionGroupType = wrapper.xcdatamodel;
		};
/* End XCVersionGroup section */
	};
	rootObject = 04B43BBD2B234AE400963F7C /* Project object */;
}
